
Microsoft Visual Studio Solution File, Format Version 12.00
# Visual Studio Version 16
VisualStudioVersion = 25.0.1704.2
MinimumVisualStudioVersion = 10.0.40219.1
Project("{FAE04EC0-301F-11D3-BF4B-00C04F79EFBC}") = "SnowpipeIngest", "SnowpipeIngest\SnowpipeIngest.csproj", "{AD78232A-582B-4DDD-A368-E3B0BA010346}"
EndProject
Global
	GlobalSection(SolutionConfigurationPlatforms) = preSolution
		Debug|Any CPU = Debug|Any CPU
		Release|Any CPU = Release|Any CPU
	EndGlobalSection
	GlobalSection(ProjectConfigurationPlatforms) = postSolution
		{AD78232A-582B-4DDD-A368-E3B0BA010346}.Debug|Any CPU.ActiveCfg = Debug|Any CPU
		{AD78232A-582B-4DDD-A368-E3B0BA010346}.Debug|Any CPU.Build.0 = Debug|Any CPU
		{AD78232A-582B-4DDD-A368-E3B0BA010346}.Release|Any CPU.ActiveCfg = Release|Any CPU
		{AD78232A-582B-4DDD-A368-E3B0BA010346}.Release|Any CPU.Build.0 = Release|Any CPU
	EndGlobalSection
	GlobalSection(SolutionProperties) = preSolution
		HideSolutionNode = FALSE
	EndGlobalSection
	GlobalSection(ExtensibilityGlobals) = postSolution
		SolutionGuid = {4B3657BD-B25C-47CC-990A-42EB4252E12A}
	EndGlobalSection
	GlobalSection(MonoDevelopProperties) = preSolution
		Policies = $0
		$0.DotNetNamingPolicy = $1
		$1.DirectoryNamespaceAssociation = PrefixedHierarchical
	EndGlobalSection
EndGlobal
